
Microsoft Visual Studio Solution File, Format Version 12.00
# Visual Studio Version 17
VisualStudioVersion = 17.14.36221.1
MinimumVisualStudioVersion = 10.0.40219.1
Project("{FAE04EC0-301F-11D3-BF4B-00C04F79EFBC}") = "DevExpressBindingDialog", "Source\BindingDialog\DevExpressBindingDialog.csproj", "{62BE0247-8729-3BF6-69E2-35068FCBB728}"
EndProject
Project("{FAE04EC0-301F-11D3-BF4B-00C04F79EFBC}") = "VisualStudioDesign", "Source\VisualStudioDesign\VisualStudioDesign.csproj", "{9753422C-A86A-42A0-864E-41496A5579AB}"
EndProject
Global
	GlobalSection(SolutionConfigurationPlatforms) = preSolution
		Debug|Any CPU = Debug|Any CPU
		Release|Any CPU = Release|Any CPU
	EndGlobalSection
	GlobalSection(ProjectConfigurationPlatforms) = postSolution
		{62BE0247-8729-3BF6-69E2-35068FCBB728}.Debug|Any CPU.ActiveCfg = Debug|Any CPU
		{62BE0247-8729-3BF6-69E2-35068FCBB728}.Debug|Any CPU.Build.0 = Debug|Any CPU
		{62BE0247-8729-3BF6-69E2-35068FCBB728}.Release|Any CPU.ActiveCfg = Release|Any CPU
		{62BE0247-8729-3BF6-69E2-35068FCBB728}.Release|Any CPU.Build.0 = Release|Any CPU
		{9753422C-A86A-42A0-864E-41496A5579AB}.Debug|Any CPU.ActiveCfg = Debug|Any CPU
		{9753422C-A86A-42A0-864E-41496A5579AB}.Debug|Any CPU.Build.0 = Debug|Any CPU
		{9753422C-A86A-42A0-864E-41496A5579AB}.Release|Any CPU.ActiveCfg = Release|Any CPU
		{9753422C-A86A-42A0-864E-41496A5579AB}.Release|Any CPU.Build.0 = Release|Any CPU
	EndGlobalSection
	GlobalSection(SolutionProperties) = preSolution
		HideSolutionNode = FALSE
	EndGlobalSection
	GlobalSection(ExtensibilityGlobals) = postSolution
		SolutionGuid = {154EFBB5-81B0-4AEC-8B37-0139ACA633EE}
	EndGlobalSection
EndGlobal
